github.com/boltdb/bolt v1.3.1 h1:JQmyP4ZBrce+ZQu0dY660FMfatumYDLun9hBCUVIkF4=
github.com/boltdb/bolt v1.3.1/go.mod h1:clJnj/oiGkjum5o1McbSZDSLxVThjynRyGBgiAx27Ps=
github.com/google/uuid v1.3.0 h1:t6JiXgmwXMjEs8VusXIJk2BXHsn+wx8BZdTaoZ5fu7I=
github.com/google/uuid v1.3.0/go.mod h1:TIyPZe4MgqvfeYDBFedMoGGpEw/LqOeaOT+nhxU+yHo=
github.com/httpreserve/httpreserve v0.0.0-20200125171626-6800dca15838 h1:8VeWsUxnWAaAONI0cS3lXa0MQQoZlSGGgmEbIxROvhU=
github.com/httpreserve/httpreserve v0.0.0-20200125171626-6800dca15838/go.mod h1:dPzIroASSSmoiZatdqBF70nox/uKDwVFCgfkuLTNmBU=
github.com/httpreserve/httpreserve v0.0.0-20230421151559-526ee2f6ff3d h1:bSypEaPlbWmoEp0DRKw5iiSgZrio4bSUQE+qGx/uCfI=
github.com/httpreserve/httpreserve v0.0.0-20230421151559-526ee2f6ff3d/go.mod h1:eJtlc1pSh1dD76qNfx16veUlX1jMbV+oRkgyQr/R+cY=
github.com/httpreserve/httpreserve v0.0.15 h1:/Wpt0F8WXcU1UFHGt/GcQ/UKOZTU64k+I2ic3FbLjhE=
github.com/httpreserve/httpreserve v0.0.15/go.mod h1:eJtlc1pSh1dD76qNfx16veUlX1jMbV+oRkgyQr/R+cY=
github.com/httpreserve/phantomjsscreenshot v0.0.0-20180422150311-c763ac7abadc h1:QSH5I52X/qdPuJcWK4pymLQWHc+Pp2IEvvAqLE7Xhk4=
github.com/httpreserve/phantomjsscreenshot v0.0.0-20180422150311-c763ac7abadc/go.mod h1:5buv8evqeUmXcW01Gmdjgqs5ttSySQXQOFiRgCAMP+U=
github.com/httpreserve/simplerequest v0.0.0-20170904111322-6f325573aa95 h1:c6ci9fUN0o3SB1kI6N9Nn8L+/pAlrCzvJhXOKprSS9g=
github.com/httpreserve/simplerequest v0.0.0-20170904111322-6f325573aa95/go.mod h1:1gggeoGjBdclzVr/HfTjL6AtLe6ei+2oNjVT++aZacw=
github.com/httpreserve/simplerequest v0.0.0-20230420130351-30c06b3538ab h1:YRA2XdWvPKKRwxcLnVwCWLqFV76idXSmiKoF/8PJtuw=
github.com/httpreserve/simplerequest v0.0.0-20230420130351-30c06b3538ab/go.mod h1:z8brvyOie+/8iYsE0Hr3wArpIzbPKtYd18rbtISm4xc=
github.com/httpreserve/wayback v0.0.0-20170426121002-5a35a28d33c2 h1:pdidxr/hIBsSzx4x4DjBGBANUSb3quUkWdKURc4jEGE=
github.com/httpreserve/wayback v0.0.0-20170426121002-5a35a28d33c2/go.mod h1:FSVvr4AY9Pwn7jmqLZyInQa/F4YBB5/R2OEHeG3dq9U=
github.com/httpreserve/wayback v0.0.0-20211222152933-14b2302c807b h1:S7pFXjREHPrL3rjBoC/8E9JO9eTrysebv6Tx2+4PZ50=
github.com/httpreserve/wayback v0.0.0-20211222152933-14b2302c807b/go.mod h1:8hce7RnzFjn69in/4cIigV/xQoKpp9PrW3yqAwT7dds=
github.com/justinas/alice v1.2.0 h1:+MHSA/vccVCF4Uq37S42jwlkvI2Xzl7zTPCN5BnZNVo=
github.com/justinas/alice v1.2.0/go.mod h1:fN5HRH/reO/zrUflLfTN43t3vXvKzvZIENsNEe7i7qA=
github.com/kval-access-language/kval-boltdb v0.0.0-20170330045345-f3797777c95e h1:6eQQkLvMgIY9ecZKVtEsKdUeApg6qkNl8IwJp6cZBNg=
github.com/kval-access-language/kval-boltdb v0.0.0-20170330045345-f3797777c95e/go.mod h1:CJfrSSteer+JJgIkdw/LU7Ss1CiZ6G/+oIfo4nJ1P/s=
github.com/kval-access-language/kval-parse v0.0.0-20170504112528-b96aa5a26330 h1:u+bu63lKw/77wcyhzRB9YwipGEa4l3et/hu4xkcX2cQ=
github.com/kval-access-language/kval-parse v0.0.0-20170504112528-b96aa5a26330/go.mod h1:sIViryZLFGwtty1cz01GVfqCzHR2j5O7ZCcuYiGJAJA=
github.com/kval-access-language/kval-scanner v0.0.0-20170504112421-4f097cacd289 h1:xp6dE/eMUsoTqp/A4p846HSDlETgYPcW+gmtSW7G0tc=
github.com/kval-access-language/kval-scanner v0.0.0-20170504112421-4f097cacd289/go.mod h1:YAawD4QhDnNbLB6455T6SheCYnZh90kII4jhq5HWzAQ=
github.com/pkg/errors v0.9.1 h1:FEBLx1zS214owpjy7qsBeixbURkuhQAwrK5UwLGTwt4=
github.com/pkg/errors v0.9.1/go.mod h1:bwawxfHBFNV+L2hUp1rHADufV3IMtnDRdf1r5NINEl0=
github.com/speps/go-hashids v2.0.0+incompatible h1:kSfxGfESueJKTx0mpER9Y/1XHl+FVQjtCqRyYcviFbw=
github.com/speps/go-hashids v2.0.0+incompatible/go.mod h1:P7hqPzMdnZOfyIk+xrlG1QaSMw+gCBdHKsBDnhpaZvc=
golang.org/x/sys v0.0.0-20211216021012-1d35b9e2eb4e h1:fLOSk5Q00efkSvAm+4xcoXD+RRmLmmulPn5I3Y9F2EM=
golang.org/x/sys v0.0.0-20211216021012-1d35b9e2eb4e/go.mod h1:oPkhp1MJrh7nUepCBck5+mAzfO9JrbApNNgaTdGDITg=
golang.org/x/sys v0.7.0 h1:3jlCCIQZPdOYu1h8BkNvLz8Kgwtae2cagcG/VamtZRU=
golang.org/x/sys v0.7.0/go.mod h1:oPkhp1MJrh7nUepCBck5+mAzfO9JrbApNNgaTdGDITg=
